// !$*UTF8*$!
{
	archiveVersion = 1;
	classes = {
	};
	objectVersion = 60;
	objects = {

/* Begin PBXBuildFile section */
		852527E92CFDD462005ED399 /* LoginInteractorTests.swift in Sources */ = {isa = PBXBuildFile; fileRef = 852527E82CFDD462005ED399 /* LoginInteractorTests.swift */; };
		852527EB2CFDD4A6005ED399 /* LoginPresenterTests.swift in Sources */ = {isa = PBXBuildFile; fileRef = 852527EA2CFDD4A6005ED399 /* LoginPresenterTests.swift */; };
		852527EE2CFDDB84005ED399 /* OnboardingInteractorTests.swift in Sources */ = {isa = PBXBuildFile; fileRef = 852527ED2CFDDB84005ED399 /* OnboardingInteractorTests.swift */; };
		852527F02CFDE3A0005ED399 /* OnboardingPresenter.swift in Sources */ = {isa = PBXBuildFile; fileRef = 852527EF2CFDE3A0005ED399 /* OnboardingPresenter.swift */; };
		852527F62CFE092A005ED399 /* RegisterInitialViewController.swift in Sources */ = {isa = PBXBuildFile; fileRef = 852527F52CFE092A005ED399 /* RegisterInitialViewController.swift */; };
		852527F82CFE0D2A005ED399 /* RegisterInitialView.swift in Sources */ = {isa = PBXBuildFile; fileRef = 852527F72CFE0D2A005ED399 /* RegisterInitialView.swift */; };
		852527FA2CFE0D3C005ED399 /* RegisterInitialInteractor.swift in Sources */ = {isa = PBXBuildFile; fileRef = 852527F92CFE0D3C005ED399 /* RegisterInitialInteractor.swift */; };
		852527FC2CFE0D45005ED399 /* RegisterInitialPresenter.swift in Sources */ = {isa = PBXBuildFile; fileRef = 852527FB2CFE0D45005ED399 /* RegisterInitialPresenter.swift */; };
		852528032D023237005ED399 /* RegisterDocumentView.swift in Sources */ = {isa = PBXBuildFile; fileRef = 852528022D023237005ED399 /* RegisterDocumentView.swift */; };
		852528082D03566C005ED399 /* RegisterDocumentInteractor.swift in Sources */ = {isa = PBXBuildFile; fileRef = 852528072D03566C005ED399 /* RegisterDocumentInteractor.swift */; };
		8525280A2D035679005ED399 /* RegisterDocumentPresenter.swift in Sources */ = {isa = PBXBuildFile; fileRef = 852528092D035679005ED399 /* RegisterDocumentPresenter.swift */; };
		8525280C2D035688005ED399 /* RegisterDocumentViewController.swift in Sources */ = {isa = PBXBuildFile; fileRef = 8525280B2D035688005ED399 /* RegisterDocumentViewController.swift */; };
		854431A52CED45ED00B3B024 /* OnboardingViewController.swift in Sources */ = {isa = PBXBuildFile; fileRef = 854431A42CED45ED00B3B024 /* OnboardingViewController.swift */; };
		854431A72CED49CE00B3B024 /* OnboardingView.swift in Sources */ = {isa = PBXBuildFile; fileRef = 854431A62CED49CE00B3B024 /* OnboardingView.swift */; };
		854431A92CED49DD00B3B024 /* OnboardingInteractor.swift in Sources */ = {isa = PBXBuildFile; fileRef = 854431A82CED49DD00B3B024 /* OnboardingInteractor.swift */; };
		854647662D0C5D3A000D38D2 /* ConfirmCodeViewController.swift in Sources */ = {isa = PBXBuildFile; fileRef = 854647652D0C5D3A000D38D2 /* ConfirmCodeViewController.swift */; };
		854647682D0C5D46000D38D2 /* ConfirmCodeView.swift in Sources */ = {isa = PBXBuildFile; fileRef = 854647672D0C5D46000D38D2 /* ConfirmCodeView.swift */; };
		8546476A2D0C5D52000D38D2 /* ConfirmCodeInteractor.swift in Sources */ = {isa = PBXBuildFile; fileRef = 854647692D0C5D52000D38D2 /* ConfirmCodeInteractor.swift */; };
		8546476C2D0C5D68000D38D2 /* ConfirmCodePresenter.swift in Sources */ = {isa = PBXBuildFile; fileRef = 8546476B2D0C5D68000D38D2 /* ConfirmCodePresenter.swift */; };
		8548E63D2CFA508A00334799 /* LoginServiceTests.swift in Sources */ = {isa = PBXBuildFile; fileRef = 8548E63C2CFA508A00334799 /* LoginServiceTests.swift */; };
		855F9B982CD94873007FE3FB /* LoginView.swift in Sources */ = {isa = PBXBuildFile; fileRef = 855F9B972CD94873007FE3FB /* LoginView.swift */; };
		855F9B9A2CD949A5007FE3FB /* LoginInteractor.swift in Sources */ = {isa = PBXBuildFile; fileRef = 855F9B992CD949A5007FE3FB /* LoginInteractor.swift */; };
		855F9B9C2CD949B8007FE3FB /* LoginPresenter.swift in Sources */ = {isa = PBXBuildFile; fileRef = 855F9B9B2CD949B8007FE3FB /* LoginPresenter.swift */; };
		855F9B9F2CD949D4007FE3FB /* LoginService.swift in Sources */ = {isa = PBXBuildFile; fileRef = 855F9B9E2CD949D4007FE3FB /* LoginService.swift */; };
		858A95842D13025A00B0ECB8 /* RegisterService.swift in Sources */ = {isa = PBXBuildFile; fileRef = 858A95832D13025A00B0ECB8 /* RegisterService.swift */; };
		858A95862D13032F00B0ECB8 /* RegisterTarget.swift in Sources */ = {isa = PBXBuildFile; fileRef = 858A95852D13032F00B0ECB8 /* RegisterTarget.swift */; };
		858A95882D1456E200B0ECB8 /* RegisterPasswordViewController.swift in Sources */ = {isa = PBXBuildFile; fileRef = 858A95872D1456E200B0ECB8 /* RegisterPasswordViewController.swift */; };
		858A958A2D145FCB00B0ECB8 /* RegisterPasswordView.swift in Sources */ = {isa = PBXBuildFile; fileRef = 858A95892D145FCB00B0ECB8 /* RegisterPasswordView.swift */; };
		858A958C2D1460DF00B0ECB8 /* RegisterPasswordInteractor.swift in Sources */ = {isa = PBXBuildFile; fileRef = 858A958B2D1460DF00B0ECB8 /* RegisterPasswordInteractor.swift */; };
		858A958E2D14619400B0ECB8 /* RegisterPasswordPresenter.swift in Sources */ = {isa = PBXBuildFile; fileRef = 858A958D2D14619400B0ECB8 /* RegisterPasswordPresenter.swift */; };
		858CBFCE2D2F23160030968A /* ValidateCodeModel.swift in Sources */ = {isa = PBXBuildFile; fileRef = 858CBFCD2D2F23160030968A /* ValidateCodeModel.swift */; };
		8590E8882CDE8D1D0077D0EA /* LoginTarget.swift in Sources */ = {isa = PBXBuildFile; fileRef = 8590E8872CDE8D1D0077D0EA /* LoginTarget.swift */; };
		85A622222CE236A100B36AB1 /* AuthEndpointsModel.swift in Sources */ = {isa = PBXBuildFile; fileRef = 85A622212CE236A100B36AB1 /* AuthEndpointsModel.swift */; };
		85A622242CE23C5E00B36AB1 /* AuthenticateRequest.swift in Sources */ = {isa = PBXBuildFile; fileRef = 85A622232CE23C5E00B36AB1 /* AuthenticateRequest.swift */; };
		85A622262CE23CDF00B36AB1 /* RegisterModel.swift in Sources */ = {isa = PBXBuildFile; fileRef = 85A622252CE23CDF00B36AB1 /* RegisterModel.swift */; };
		85D8058C2D0763A000D49706 /* RegisterEmailViewController.swift in Sources */ = {isa = PBXBuildFile; fileRef = 85D8058B2D0763A000D49706 /* RegisterEmailViewController.swift */; };
		85D8058E2D0763FC00D49706 /* RegisterEmailView.swift in Sources */ = {isa = PBXBuildFile; fileRef = 85D8058D2D0763FC00D49706 /* RegisterEmailView.swift */; };
		85D805902D0766C500D49706 /* RegisterEmailInteractor.swift in Sources */ = {isa = PBXBuildFile; fileRef = 85D8058F2D0766C500D49706 /* RegisterEmailInteractor.swift */; };
		85D805922D0766CE00D49706 /* RegisterEmailPresenter.swift in Sources */ = {isa = PBXBuildFile; fileRef = 85D805912D0766CE00D49706 /* RegisterEmailPresenter.swift */; };
		C35419712CA3764600C9372F /* AuthCoordinator.swift in Sources */ = {isa = PBXBuildFile; fileRef = C35419702CA3764600C9372F /* AuthCoordinator.swift */; };
		C35419752CA376E700C9372F /* LoginViewController.swift in Sources */ = {isa = PBXBuildFile; fileRef = C35419742CA376E700C9372F /* LoginViewController.swift */; };
		C35419782CA3779600C9372F /* Shared.framework in Frameworks */ = {isa = PBXBuildFile; fileRef = C35419772CA3779600C9372F /* Shared.framework */; };
		C35419812CA37A8B00C9372F /* Shared.framework in Sources */ = {isa = PBXBuildFile; fileRef = C35419772CA3779600C9372F /* Shared.framework */; };
		C36940F72CA374C1001AC719 /* Auth.docc in Sources */ = {isa = PBXBuildFile; fileRef = C36940F62CA374C1001AC719 /* Auth.docc */; };
		C36940FD2CA374C1001AC719 /* Auth.framework in Frameworks */ = {isa = PBXBuildFile; fileRef = C36940F22CA374C1001AC719 /* Auth.framework */; };
		C36941032CA374C1001AC719 /* Auth.h in Headers */ = {isa = PBXBuildFile; fileRef = C36940F52CA374C1001AC719 /* Auth.h */; settings = {ATTRIBUTES = (Public, ); }; };
/* End PBXBuildFile section */

/* Begin PBXContainerItemProxy section */
		C36940FE2CA374C1001AC719 /* PBXContainerItemProxy */ = {
			isa = PBXContainerItemProxy;
			containerPortal = C36940E92CA374C1001AC719 /* Project object */;
			proxyType = 1;
			remoteGlobalIDString = C36940F12CA374C1001AC719;
			remoteInfo = Auth;
		};
/* End PBXContainerItemProxy section */

/* Begin PBXFileReference section */
		852527E82CFDD462005ED399 /* LoginInteractorTests.swift */ = {isa = PBXFileReference; lastKnownFileType = sourcecode.swift; path = LoginInteractorTests.swift; sourceTree = "<group>"; };
		852527EA2CFDD4A6005ED399 /* LoginPresenterTests.swift */ = {isa = PBXFileReference; lastKnownFileType = sourcecode.swift; path = LoginPresenterTests.swift; sourceTree = "<group>"; };
		852527ED2CFDDB84005ED399 /* OnboardingInteractorTests.swift */ = {isa = PBXFileReference; lastKnownFileType = sourcecode.swift; path = OnboardingInteractorTests.swift; sourceTree = "<group>"; };
		852527EF2CFDE3A0005ED399 /* OnboardingPresenter.swift */ = {isa = PBXFileReference; lastKnownFileType = sourcecode.swift; path = OnboardingPresenter.swift; sourceTree = "<group>"; };
		852527F52CFE092A005ED399 /* RegisterInitialViewController.swift */ = {isa = PBXFileReference; lastKnownFileType = sourcecode.swift; path = RegisterInitialViewController.swift; sourceTree = "<group>"; };
		852527F72CFE0D2A005ED399 /* RegisterInitialView.swift */ = {isa = PBXFileReference; lastKnownFileType = sourcecode.swift; path = RegisterInitialView.swift; sourceTree = "<group>"; };
		852527F92CFE0D3C005ED399 /* RegisterInitialInteractor.swift */ = {isa = PBXFileReference; lastKnownFileType = sourcecode.swift; path = RegisterInitialInteractor.swift; sourceTree = "<group>"; };
		852527FB2CFE0D45005ED399 /* RegisterInitialPresenter.swift */ = {isa = PBXFileReference; lastKnownFileType = sourcecode.swift; path = RegisterInitialPresenter.swift; sourceTree = "<group>"; };
		852528022D023237005ED399 /* RegisterDocumentView.swift */ = {isa = PBXFileReference; lastKnownFileType = sourcecode.swift; path = RegisterDocumentView.swift; sourceTree = "<group>"; };
		852528072D03566C005ED399 /* RegisterDocumentInteractor.swift */ = {isa = PBXFileReference; lastKnownFileType = sourcecode.swift; path = RegisterDocumentInteractor.swift; sourceTree = "<group>"; };
		852528092D035679005ED399 /* RegisterDocumentPresenter.swift */ = {isa = PBXFileReference; lastKnownFileType = sourcecode.swift; path = RegisterDocumentPresenter.swift; sourceTree = "<group>"; };
		8525280B2D035688005ED399 /* RegisterDocumentViewController.swift */ = {isa = PBXFileReference; lastKnownFileType = sourcecode.swift; path = RegisterDocumentViewController.swift; sourceTree = "<group>"; };
		854431A42CED45ED00B3B024 /* OnboardingViewController.swift */ = {isa = PBXFileReference; lastKnownFileType = sourcecode.swift; path = OnboardingViewController.swift; sourceTree = "<group>"; };
		854431A62CED49CE00B3B024 /* OnboardingView.swift */ = {isa = PBXFileReference; lastKnownFileType = sourcecode.swift; path = OnboardingView.swift; sourceTree = "<group>"; };
		854431A82CED49DD00B3B024 /* OnboardingInteractor.swift */ = {isa = PBXFileReference; lastKnownFileType = sourcecode.swift; path = OnboardingInteractor.swift; sourceTree = "<group>"; };
		854647652D0C5D3A000D38D2 /* ConfirmCodeViewController.swift */ = {isa = PBXFileReference; lastKnownFileType = sourcecode.swift; path = ConfirmCodeViewController.swift; sourceTree = "<group>"; };
		854647672D0C5D46000D38D2 /* ConfirmCodeView.swift */ = {isa = PBXFileReference; lastKnownFileType = sourcecode.swift; path = ConfirmCodeView.swift; sourceTree = "<group>"; };
		854647692D0C5D52000D38D2 /* ConfirmCodeInteractor.swift */ = {isa = PBXFileReference; lastKnownFileType = sourcecode.swift; path = ConfirmCodeInteractor.swift; sourceTree = "<group>"; };
		8546476B2D0C5D68000D38D2 /* ConfirmCodePresenter.swift */ = {isa = PBXFileReference; lastKnownFileType = sourcecode.swift; path = ConfirmCodePresenter.swift; sourceTree = "<group>"; };
		8548E63C2CFA508A00334799 /* LoginServiceTests.swift */ = {isa = PBXFileReference; lastKnownFileType = sourcecode.swift; path = LoginServiceTests.swift; sourceTree = "<group>"; };
		855F9B972CD94873007FE3FB /* LoginView.swift */ = {isa = PBXFileReference; lastKnownFileType = sourcecode.swift; path = LoginView.swift; sourceTree = "<group>"; };
		855F9B992CD949A5007FE3FB /* LoginInteractor.swift */ = {isa = PBXFileReference; lastKnownFileType = sourcecode.swift; path = LoginInteractor.swift; sourceTree = "<group>"; };
		855F9B9B2CD949B8007FE3FB /* LoginPresenter.swift */ = {isa = PBXFileReference; lastKnownFileType = sourcecode.swift; path = LoginPresenter.swift; sourceTree = "<group>"; };
		855F9B9E2CD949D4007FE3FB /* LoginService.swift */ = {isa = PBXFileReference; lastKnownFileType = sourcecode.swift; path = LoginService.swift; sourceTree = "<group>"; };
		858A95832D13025A00B0ECB8 /* RegisterService.swift */ = {isa = PBXFileReference; lastKnownFileType = sourcecode.swift; path = RegisterService.swift; sourceTree = "<group>"; };
		858A95852D13032F00B0ECB8 /* RegisterTarget.swift */ = {isa = PBXFileReference; lastKnownFileType = sourcecode.swift; path = RegisterTarget.swift; sourceTree = "<group>"; };
		858A95872D1456E200B0ECB8 /* RegisterPasswordViewController.swift */ = {isa = PBXFileReference; lastKnownFileType = sourcecode.swift; path = RegisterPasswordViewController.swift; sourceTree = "<group>"; };
		858A95892D145FCB00B0ECB8 /* RegisterPasswordView.swift */ = {isa = PBXFileReference; lastKnownFileType = sourcecode.swift; path = RegisterPasswordView.swift; sourceTree = "<group>"; };
		858A958B2D1460DF00B0ECB8 /* RegisterPasswordInteractor.swift */ = {isa = PBXFileReference; lastKnownFileType = sourcecode.swift; path = RegisterPasswordInteractor.swift; sourceTree = "<group>"; };
		858A958D2D14619400B0ECB8 /* RegisterPasswordPresenter.swift */ = {isa = PBXFileReference; lastKnownFileType = sourcecode.swift; path = RegisterPasswordPresenter.swift; sourceTree = "<group>"; };
		858CBFCD2D2F23160030968A /* ValidateCodeModel.swift */ = {isa = PBXFileReference; lastKnownFileType = sourcecode.swift; path = ValidateCodeModel.swift; sourceTree = "<group>"; };
		8590E8872CDE8D1D0077D0EA /* LoginTarget.swift */ = {isa = PBXFileReference; lastKnownFileType = sourcecode.swift; path = LoginTarget.swift; sourceTree = "<group>"; };
		85A622212CE236A100B36AB1 /* AuthEndpointsModel.swift */ = {isa = PBXFileReference; lastKnownFileType = sourcecode.swift; path = AuthEndpointsModel.swift; sourceTree = "<group>"; };
		85A622232CE23C5E00B36AB1 /* AuthenticateRequest.swift */ = {isa = PBXFileReference; lastKnownFileType = sourcecode.swift; path = AuthenticateRequest.swift; sourceTree = "<group>"; };
		85A622252CE23CDF00B36AB1 /* RegisterModel.swift */ = {isa = PBXFileReference; lastKnownFileType = sourcecode.swift; path = RegisterModel.swift; sourceTree = "<group>"; };
		85D8058B2D0763A000D49706 /* RegisterEmailViewController.swift */ = {isa = PBXFileReference; lastKnownFileType = sourcecode.swift; path = RegisterEmailViewController.swift; sourceTree = "<group>"; };
		85D8058D2D0763FC00D49706 /* RegisterEmailView.swift */ = {isa = PBXFileReference; lastKnownFileType = sourcecode.swift; path = RegisterEmailView.swift; sourceTree = "<group>"; };
		85D8058F2D0766C500D49706 /* RegisterEmailInteractor.swift */ = {isa = PBXFileReference; lastKnownFileType = sourcecode.swift; path = RegisterEmailInteractor.swift; sourceTree = "<group>"; };
		85D805912D0766CE00D49706 /* RegisterEmailPresenter.swift */ = {isa = PBXFileReference; lastKnownFileType = sourcecode.swift; path = RegisterEmailPresenter.swift; sourceTree = "<group>"; };
		C35419702CA3764600C9372F /* AuthCoordinator.swift */ = {isa = PBXFileReference; lastKnownFileType = sourcecode.swift; path = AuthCoordinator.swift; sourceTree = "<group>"; };
		C35419742CA376E700C9372F /* LoginViewController.swift */ = {isa = PBXFileReference; lastKnownFileType = sourcecode.swift; path = LoginViewController.swift; sourceTree = "<group>"; };
		C35419772CA3779600C9372F /* Shared.framework */ = {isa = PBXFileReference; explicitFileType = wrapper.framework; path = Shared.framework; sourceTree = BUILT_PRODUCTS_DIR; };
		C36940F22CA374C1001AC719 /* Auth.framework */ = {isa = PBXFileReference; explicitFileType = wrapper.framework; includeInIndex = 0; path = Auth.framework; sourceTree = BUILT_PRODUCTS_DIR; };
		C36940F52CA374C1001AC719 /* Auth.h */ = {isa = PBXFileReference; lastKnownFileType = sourcecode.c.h; path = Auth.h; sourceTree = "<group>"; };
		C36940F62CA374C1001AC719 /* Auth.docc */ = {isa = PBXFileReference; lastKnownFileType = folder.documentationcatalog; path = Auth.docc; sourceTree = "<group>"; };
		C36940FC2CA374C1001AC719 /* AuthTests.xctest */ = {isa = PBXFileReference; explicitFileType = wrapper.cfbundle; includeInIndex = 0; path = AuthTests.xctest; sourceTree = BUILT_PRODUCTS_DIR; };
/* End PBXFileReference section */

/* Begin PBXFrameworksBuildPhase section */
		C36940EF2CA374C1001AC719 /* Frameworks */ = {
			isa = PBXFrameworksBuildPhase;
			buildActionMask = 2147483647;
			files = (
				C35419782CA3779600C9372F /* Shared.framework in Frameworks */,
			);
			runOnlyForDeploymentPostprocessing = 0;
		};
		C36940F92CA374C1001AC719 /* Frameworks */ = {
			isa = PBXFrameworksBuildPhase;
			buildActionMask = 2147483647;
			files = (
				C36940FD2CA374C1001AC719 /* Auth.framework in Frameworks */,
			);
			runOnlyForDeploymentPostprocessing = 0;
		};
/* End PBXFrameworksBuildPhase section */

/* Begin PBXGroup section */
		852527E62CFDD2BD005ED399 /* Screens */ = {
			isa = PBXGroup;
			children = (
				852527EC2CFDDA88005ED399 /* Onboarding */,
				852527E72CFDD2C7005ED399 /* Login */,
			);
			path = Screens;
			sourceTree = "<group>";
		};
		852527E72CFDD2C7005ED399 /* Login */ = {
			isa = PBXGroup;
			children = (
				852527E82CFDD462005ED399 /* LoginInteractorTests.swift */,
				852527EA2CFDD4A6005ED399 /* LoginPresenterTests.swift */,
			);
			path = Login;
			sourceTree = "<group>";
		};
		852527EC2CFDDA88005ED399 /* Onboarding */ = {
			isa = PBXGroup;
			children = (
				852527ED2CFDDB84005ED399 /* OnboardingInteractorTests.swift */,
			);
			path = Onboarding;
			sourceTree = "<group>";
		};
		852527F42CFE0914005ED399 /* Register */ = {
			isa = PBXGroup;
			children = (
				852528002CFF7F0E005ED399 /* Initial */,
				852528012D023216005ED399 /* Document */,
				85D8058A2D07632F00D49706 /* Email */,
				854647642D0C5D07000D38D2 /* ConfirmCode */,
				85D805872D071DC000D49706 /* Password */,
			);
			path = Register;
			sourceTree = "<group>";
		};
		852528002CFF7F0E005ED399 /* Initial */ = {
			isa = PBXGroup;
			children = (
				852527F52CFE092A005ED399 /* RegisterInitialViewController.swift */,
				852527F72CFE0D2A005ED399 /* RegisterInitialView.swift */,
				852527F92CFE0D3C005ED399 /* RegisterInitialInteractor.swift */,
				852527FB2CFE0D45005ED399 /* RegisterInitialPresenter.swift */,
			);
			path = Initial;
			sourceTree = "<group>";
		};
		852528012D023216005ED399 /* Document */ = {
			isa = PBXGroup;
			children = (
				8525280B2D035688005ED399 /* RegisterDocumentViewController.swift */,
				852528022D023237005ED399 /* RegisterDocumentView.swift */,
				852528072D03566C005ED399 /* RegisterDocumentInteractor.swift */,
				852528092D035679005ED399 /* RegisterDocumentPresenter.swift */,
			);
			path = Document;
			sourceTree = "<group>";
		};
		854431A32CED456D00B3B024 /* Onboarding */ = {
			isa = PBXGroup;
			children = (
				854431A42CED45ED00B3B024 /* OnboardingViewController.swift */,
				854431A62CED49CE00B3B024 /* OnboardingView.swift */,
				854431A82CED49DD00B3B024 /* OnboardingInteractor.swift */,
				852527EF2CFDE3A0005ED399 /* OnboardingPresenter.swift */,
			);
			path = Onboarding;
			sourceTree = "<group>";
		};
		854647642D0C5D07000D38D2 /* ConfirmCode */ = {
			isa = PBXGroup;
			children = (
				854647652D0C5D3A000D38D2 /* ConfirmCodeViewController.swift */,
				854647672D0C5D46000D38D2 /* ConfirmCodeView.swift */,
				854647692D0C5D52000D38D2 /* ConfirmCodeInteractor.swift */,
				8546476B2D0C5D68000D38D2 /* ConfirmCodePresenter.swift */,
			);
			path = ConfirmCode;
			sourceTree = "<group>";
		};
		8548E63A2CFA506D00334799 /* Repositories */ = {
			isa = PBXGroup;
			children = (
				8548E63B2CFA507500334799 /* Services */,
			);
			path = Repositories;
			sourceTree = "<group>";
		};
		8548E63B2CFA507500334799 /* Services */ = {
			isa = PBXGroup;
			children = (
				8548E63C2CFA508A00334799 /* LoginServiceTests.swift */,
			);
			path = Services;
			sourceTree = "<group>";
		};
		855F9B9D2CD949C7007FE3FB /* Repositories */ = {
			isa = PBXGroup;
			children = (
				85A6221D2CE2298300B36AB1 /* Models */,
				85A6221C2CE2297A00B36AB1 /* Services */,
			);
			path = Repositories;
			sourceTree = "<group>";
		};
		858A95812D12E7F100B0ECB8 /* Register */ = {
			isa = PBXGroup;
			children = (
				858A95832D13025A00B0ECB8 /* RegisterService.swift */,
				858A95852D13032F00B0ECB8 /* RegisterTarget.swift */,
			);
			path = Register;
			sourceTree = "<group>";
		};
		85A6221C2CE2297A00B36AB1 /* Services */ = {
			isa = PBXGroup;
			children = (
				85A622212CE236A100B36AB1 /* AuthEndpointsModel.swift */,
				858A95812D12E7F100B0ECB8 /* Register */,
				85A6221E2CE2298800B36AB1 /* Login */,
			);
			path = Services;
			sourceTree = "<group>";
		};
		85A6221D2CE2298300B36AB1 /* Models */ = {
			isa = PBXGroup;
			children = (
				85A622282CE23E9800B36AB1 /* Register */,
				85A622272CE23DE000B36AB1 /* Authenticate */,
			);
			path = Models;
			sourceTree = "<group>";
		};
		85A6221E2CE2298800B36AB1 /* Login */ = {
			isa = PBXGroup;
			children = (
				855F9B9E2CD949D4007FE3FB /* LoginService.swift */,
				8590E8872CDE8D1D0077D0EA /* LoginTarget.swift */,
			);
			path = Login;
			sourceTree = "<group>";
		};
		85A622272CE23DE000B36AB1 /* Authenticate */ = {
			isa = PBXGroup;
			children = (
				85A622232CE23C5E00B36AB1 /* AuthenticateRequest.swift */,
			);
			path = Authenticate;
			sourceTree = "<group>";
		};
		85A622282CE23E9800B36AB1 /* Register */ = {
			isa = PBXGroup;
			children = (
				858CBFCD2D2F23160030968A /* ValidateCodeModel.swift */,
				85A622252CE23CDF00B36AB1 /* RegisterModel.swift */,
			);
			path = Register;
			sourceTree = "<group>";
		};
		85D805872D071DC000D49706 /* Password */ = {
			isa = PBXGroup;
			children = (
				858A95872D1456E200B0ECB8 /* RegisterPasswordViewController.swift */,
				858A95892D145FCB00B0ECB8 /* RegisterPasswordView.swift */,
				858A958B2D1460DF00B0ECB8 /* RegisterPasswordInteractor.swift */,
				858A958D2D14619400B0ECB8 /* RegisterPasswordPresenter.swift */,
			);
			path = Password;
			sourceTree = "<group>";
		};
		85D8058A2D07632F00D49706 /* Email */ = {
			isa = PBXGroup;
			children = (
				85D8058B2D0763A000D49706 /* RegisterEmailViewController.swift */,
				85D8058D2D0763FC00D49706 /* RegisterEmailView.swift */,
				85D8058F2D0766C500D49706 /* RegisterEmailInteractor.swift */,
				85D805912D0766CE00D49706 /* RegisterEmailPresenter.swift */,
			);
			path = Email;
			sourceTree = "<group>";
		};
		C35419722CA376CC00C9372F /* Screens */ = {
			isa = PBXGroup;
			children = (
				852527F42CFE0914005ED399 /* Register */,
				854431A32CED456D00B3B024 /* Onboarding */,
				C35419732CA376D600C9372F /* Login */,
			);
			path = Screens;
			sourceTree = "<group>";
		};
		C35419732CA376D600C9372F /* Login */ = {
			isa = PBXGroup;
			children = (
				C35419742CA376E700C9372F /* LoginViewController.swift */,
				855F9B972CD94873007FE3FB /* LoginView.swift */,
				855F9B992CD949A5007FE3FB /* LoginInteractor.swift */,
				855F9B9B2CD949B8007FE3FB /* LoginPresenter.swift */,
			);
			path = Login;
			sourceTree = "<group>";
		};
		C35419762CA3779600C9372F /* Frameworks */ = {
			isa = PBXGroup;
			children = (
				C35419772CA3779600C9372F /* Shared.framework */,
			);
			name = Frameworks;
			sourceTree = "<group>";
		};
		C36940E82CA374C1001AC719 = {
			isa = PBXGroup;
			children = (
				C36940F42CA374C1001AC719 /* Auth */,
				C36941002CA374C1001AC719 /* AuthTests */,
				C36940F32CA374C1001AC719 /* Products */,
				C35419762CA3779600C9372F /* Frameworks */,
			);
			sourceTree = "<group>";
		};
		C36940F32CA374C1001AC719 /* Products */ = {
			isa = PBXGroup;
			children = (
				C36940F22CA374C1001AC719 /* Auth.framework */,
				C36940FC2CA374C1001AC719 /* AuthTests.xctest */,
			);
			name = Products;
			sourceTree = "<group>";
		};
		C36940F42CA374C1001AC719 /* Auth */ = {
			isa = PBXGroup;
			children = (
				C35419702CA3764600C9372F /* AuthCoordinator.swift */,
				855F9B9D2CD949C7007FE3FB /* Repositories */,
				C35419722CA376CC00C9372F /* Screens */,
				C36940F52CA374C1001AC719 /* Auth.h */,
				C36940F62CA374C1001AC719 /* Auth.docc */,
			);
			path = Auth;
			sourceTree = "<group>";
		};
		C36941002CA374C1001AC719 /* AuthTests */ = {
			isa = PBXGroup;
			children = (
				8548E63A2CFA506D00334799 /* Repositories */,
				852527E62CFDD2BD005ED399 /* Screens */,
			);
			path = AuthTests;
			sourceTree = "<group>";
		};
/* End PBXGroup section */

/* Begin PBXHeadersBuildPhase section */
		C36940ED2CA374C1001AC719 /* Headers */ = {
			isa = PBXHeadersBuildPhase;
			buildActionMask = 2147483647;
			files = (
				C36941032CA374C1001AC719 /* Auth.h in Headers */,
			);
			runOnlyForDeploymentPostprocessing = 0;
		};
/* End PBXHeadersBuildPhase section */

/* Begin PBXNativeTarget section */
		C36940F12CA374C1001AC719 /* Auth */ = {
			isa = PBXNativeTarget;
			buildConfigurationList = C36941062CA374C1001AC719 /* Build configuration list for PBXNativeTarget "Auth" */;
			buildPhases = (
				C36940ED2CA374C1001AC719 /* Headers */,
				C36940EE2CA374C1001AC719 /* Sources */,
				C36940EF2CA374C1001AC719 /* Frameworks */,
				C36940F02CA374C1001AC719 /* Resources */,
			);
			buildRules = (
			);
			dependencies = (
			);
			name = Auth;
			productName = Auth;
			productReference = C36940F22CA374C1001AC719 /* Auth.framework */;
			productType = "com.apple.product-type.framework";
		};
		C36940FB2CA374C1001AC719 /* AuthTests */ = {
			isa = PBXNativeTarget;
			buildConfigurationList = C36941092CA374C1001AC719 /* Build configuration list for PBXNativeTarget "AuthTests" */;
			buildPhases = (
				C36940F82CA374C1001AC719 /* Sources */,
				C36940F92CA374C1001AC719 /* Frameworks */,
				C36940FA2CA374C1001AC719 /* Resources */,
			);
			buildRules = (
			);
			dependencies = (
				C36940FF2CA374C1001AC719 /* PBXTargetDependency */,
			);
			name = AuthTests;
			productName = AuthTests;
			productReference = C36940FC2CA374C1001AC719 /* AuthTests.xctest */;
			productType = "com.apple.product-type.bundle.unit-test";
		};
/* End PBXNativeTarget section */

/* Begin PBXProject section */
		C36940E92CA374C1001AC719 /* Project object */ = {
			isa = PBXProject;
			attributes = {
				BuildIndependentTargetsInParallel = 1;
				LastSwiftUpdateCheck = 1600;
				LastUpgradeCheck = 1600;
				TargetAttributes = {
					C36940F12CA374C1001AC719 = {
						CreatedOnToolsVersion = 16.0;
					};
					C36940FB2CA374C1001AC719 = {
						CreatedOnToolsVersion = 16.0;
					};
				};
			};
			buildConfigurationList = C36940EC2CA374C1001AC719 /* Build configuration list for PBXProject "Auth" */;
			compatibilityVersion = "Xcode 15.0";
			developmentRegion = en;
			hasScannedForEncodings = 0;
			knownRegions = (
				en,
				Base,
			);
			mainGroup = C36940E82CA374C1001AC719;
			productRefGroup = C36940F32CA374C1001AC719 /* Products */;
			projectDirPath = "";
			projectRoot = "";
			targets = (
				C36940F12CA374C1001AC719 /* Auth */,
				C36940FB2CA374C1001AC719 /* AuthTests */,
			);
		};
/* End PBXProject section */

/* Begin PBXResourcesBuildPhase section */
		C36940F02CA374C1001AC719 /* Resources */ = {
			isa = PBXResourcesBuildPhase;
			buildActionMask = 2147483647;
			files = (
			);
			runOnlyForDeploymentPostprocessing = 0;
		};
		C36940FA2CA374C1001AC719 /* Resources */ = {
			isa = PBXResourcesBuildPhase;
			buildActionMask = 2147483647;
			files = (
			);
			runOnlyForDeploymentPostprocessing = 0;
		};
/* End PBXResourcesBuildPhase section */

/* Begin PBXSourcesBuildPhase section */
		C36940EE2CA374C1001AC719 /* Sources */ = {
			isa = PBXSourcesBuildPhase;
			buildActionMask = 2147483647;
			files = (
				854647662D0C5D3A000D38D2 /* ConfirmCodeViewController.swift in Sources */,
				8525280A2D035679005ED399 /* RegisterDocumentPresenter.swift in Sources */,
				8546476A2D0C5D52000D38D2 /* ConfirmCodeInteractor.swift in Sources */,
				858A95862D13032F00B0ECB8 /* RegisterTarget.swift in Sources */,
				854647682D0C5D46000D38D2 /* ConfirmCodeView.swift in Sources */,
				852528032D023237005ED399 /* RegisterDocumentView.swift in Sources */,
				858A958C2D1460DF00B0ECB8 /* RegisterPasswordInteractor.swift in Sources */,
				8525280C2D035688005ED399 /* RegisterDocumentViewController.swift in Sources */,
				854431A52CED45ED00B3B024 /* OnboardingViewController.swift in Sources */,
				C35419812CA37A8B00C9372F /* Shared.framework in Sources */,
				C35419752CA376E700C9372F /* LoginViewController.swift in Sources */,
				85A622262CE23CDF00B36AB1 /* RegisterModel.swift in Sources */,
				858CBFCE2D2F23160030968A /* ValidateCodeModel.swift in Sources */,
				855F9B9C2CD949B8007FE3FB /* LoginPresenter.swift in Sources */,
				852527FA2CFE0D3C005ED399 /* RegisterInitialInteractor.swift in Sources */,
				855F9B9A2CD949A5007FE3FB /* LoginInteractor.swift in Sources */,
				85D805902D0766C500D49706 /* RegisterEmailInteractor.swift in Sources */,
				85A622222CE236A100B36AB1 /* AuthEndpointsModel.swift in Sources */,
				8590E8882CDE8D1D0077D0EA /* LoginTarget.swift in Sources */,
				C35419712CA3764600C9372F /* AuthCoordinator.swift in Sources */,
				852527F82CFE0D2A005ED399 /* RegisterInitialView.swift in Sources */,
				855F9B982CD94873007FE3FB /* LoginView.swift in Sources */,
				858A958A2D145FCB00B0ECB8 /* RegisterPasswordView.swift in Sources */,
				858A958E2D14619400B0ECB8 /* RegisterPasswordPresenter.swift in Sources */,
				C36940F72CA374C1001AC719 /* Auth.docc in Sources */,
				85A622242CE23C5E00B36AB1 /* AuthenticateRequest.swift in Sources */,
				858A95842D13025A00B0ECB8 /* RegisterService.swift in Sources */,
				855F9B9F2CD949D4007FE3FB /* LoginService.swift in Sources */,
				8546476C2D0C5D68000D38D2 /* ConfirmCodePresenter.swift in Sources */,
				85D8058E2D0763FC00D49706 /* RegisterEmailView.swift in Sources */,
				85D805922D0766CE00D49706 /* RegisterEmailPresenter.swift in Sources */,
				852527FC2CFE0D45005ED399 /* RegisterInitialPresenter.swift in Sources */,
				852527F62CFE092A005ED399 /* RegisterInitialViewController.swift in Sources */,
				852528082D03566C005ED399 /* RegisterDocumentInteractor.swift in Sources */,
				85D8058C2D0763A000D49706 /* RegisterEmailViewController.swift in Sources */,
				858A95882D1456E200B0ECB8 /* RegisterPasswordViewController.swift in Sources */,
				854431A72CED49CE00B3B024 /* OnboardingView.swift in Sources */,
				854431A92CED49DD00B3B024 /* OnboardingInteractor.swift in Sources */,
				852527F02CFDE3A0005ED399 /* OnboardingPresenter.swift in Sources */,
			);
			runOnlyForDeploymentPostprocessing = 0;
		};
		C36940F82CA374C1001AC719 /* Sources */ = {
			isa = PBXSourcesBuildPhase;
			buildActionMask = 2147483647;
			files = (
				852527E92CFDD462005ED399 /* LoginInteractorTests.swift in Sources */,
				852527EB2CFDD4A6005ED399 /* LoginPresenterTests.swift in Sources */,
				8548E63D2CFA508A00334799 /* LoginServiceTests.swift in Sources */,
				852527EE2CFDDB84005ED399 /* OnboardingInteractorTests.swift in Sources */,
			);
			runOnlyForDeploymentPostprocessing = 0;
		};
/* End PBXSourcesBuildPhase section */

/* Begin PBXTargetDependency section */
		C36940FF2CA374C1001AC719 /* PBXTargetDependency */ = {
			isa = PBXTargetDependency;
			target = C36940F12CA374C1001AC719 /* Auth */;
			targetProxy = C36940FE2CA374C1001AC719 /* PBXContainerItemProxy */;
		};
/* End PBXTargetDependency section */

/* Begin XCBuildConfiguration section */
		C36941042CA374C1001AC719 /* Debug */ = {
			isa = XCBuildConfiguration;
			buildSettings = {
				ALWAYS_SEARCH_USER_PATHS = NO;
				ASSETCATALOG_COMPILER_GENERATE_SWIFT_ASSET_SYMBOL_EXTENSIONS = YES;
				CLANG_ANALYZER_NONNULL = YES;
				CLANG_ANALYZER_NUMBER_OBJECT_CONVERSION = YES_AGGRESSIVE;
				CLANG_CXX_LANGUAGE_STANDARD = "gnu++20";
				CLANG_ENABLE_MODULES = YES;
				CLANG_ENABLE_OBJC_ARC = YES;
				CLANG_ENABLE_OBJC_WEAK = YES;
				CLANG_WARN_BLOCK_CAPTURE_AUTORELEASING = YES;
				CLANG_WARN_BOOL_CONVERSION = YES;
				CLANG_WARN_COMMA = YES;
				CLANG_WARN_CONSTANT_CONVERSION = YES;
				CLANG_WARN_DEPRECATED_OBJC_IMPLEMENTATIONS = YES;
				CLANG_WARN_DIRECT_OBJC_ISA_USAGE = YES_ERROR;
				CLANG_WARN_DOCUMENTATION_COMMENTS = YES;
				CLANG_WARN_EMPTY_BODY = YES;
				CLANG_WARN_ENUM_CONVERSION = YES;
				CLANG_WARN_INFINITE_RECURSION = YES;
				CLANG_WARN_INT_CONVERSION = YES;
				CLANG_WARN_NON_LITERAL_NULL_CONVERSION = YES;
				CLANG_WARN_OBJC_IMPLICIT_RETAIN_SELF = YES;
				CLANG_WARN_OBJC_LITERAL_CONVERSION = YES;
				CLANG_WARN_OBJC_ROOT_CLASS = YES_ERROR;
				CLANG_WARN_QUOTED_INCLUDE_IN_FRAMEWORK_HEADER = YES;
				CLANG_WARN_RANGE_LOOP_ANALYSIS = YES;
				CLANG_WARN_STRICT_PROTOTYPES = YES;
				CLANG_WARN_SUSPICIOUS_MOVE = YES;
				CLANG_WARN_UNGUARDED_AVAILABILITY = YES_AGGRESSIVE;
				CLANG_WARN_UNREACHABLE_CODE = YES;
				CLANG_WARN__DUPLICATE_METHOD_MATCH = YES;
				COPY_PHASE_STRIP = NO;
				CURRENT_PROJECT_VERSION = 1;
				DEBUG_INFORMATION_FORMAT = dwarf;
				ENABLE_STRICT_OBJC_MSGSEND = YES;
				ENABLE_TESTABILITY = YES;
				ENABLE_USER_SCRIPT_SANDBOXING = YES;
				GCC_C_LANGUAGE_STANDARD = gnu17;
				GCC_DYNAMIC_NO_PIC = NO;
				GCC_NO_COMMON_BLOCKS = YES;
				GCC_OPTIMIZATION_LEVEL = 0;
				GCC_PREPROCESSOR_DEFINITIONS = (
					"DEBUG=1",
					"$(inherited)",
				);
				GCC_WARN_64_TO_32_BIT_CONVERSION = YES;
				GCC_WARN_ABOUT_RETURN_TYPE = YES_ERROR;
				GCC_WARN_UNDECLARED_SELECTOR = YES;
				GCC_WARN_UNINITIALIZED_AUTOS = YES_AGGRESSIVE;
				GCC_WARN_UNUSED_FUNCTION = YES;
				GCC_WARN_UNUSED_VARIABLE = YES;
				IPHONEOS_DEPLOYMENT_TARGET = 15.0;
				LOCALIZATION_PREFERS_STRING_CATALOGS = YES;
				MTL_ENABLE_DEBUG_INFO = INCLUDE_SOURCE;
				MTL_FAST_MATH = YES;
				ONLY_ACTIVE_ARCH = YES;
				SDKROOT = iphoneos;
				SWIFT_ACTIVE_COMPILATION_CONDITIONS = "DEBUG $(inherited)";
				SWIFT_OPTIMIZATION_LEVEL = "-Onone";
				VERSIONING_SYSTEM = "apple-generic";
				VERSION_INFO_PREFIX = "";
			};
			name = Debug;
		};
		C36941052CA374C1001AC719 /* Release */ = {
			isa = XCBuildConfiguration;
			buildSettings = {
				ALWAYS_SEARCH_USER_PATHS = NO;
				ASSETCATALOG_COMPILER_GENERATE_SWIFT_ASSET_SYMBOL_EXTENSIONS = YES;
				CLANG_ANALYZER_NONNULL = YES;
				CLANG_ANALYZER_NUMBER_OBJECT_CONVERSION = YES_AGGRESSIVE;
				CLANG_CXX_LANGUAGE_STANDARD = "gnu++20";
				CLANG_ENABLE_MODULES = YES;
				CLANG_ENABLE_OBJC_ARC = YES;
				CLANG_ENABLE_OBJC_WEAK = YES;
				CLANG_WARN_BLOCK_CAPTURE_AUTORELEASING = YES;
				CLANG_WARN_BOOL_CONVERSION = YES;
				CLANG_WARN_COMMA = YES;
				CLANG_WARN_CONSTANT_CONVERSION = YES;
				CLANG_WARN_DEPRECATED_OBJC_IMPLEMENTATIONS = YES;
				CLANG_WARN_DIRECT_OBJC_ISA_USAGE = YES_ERROR;
				CLANG_WARN_DOCUMENTATION_COMMENTS = YES;
				CLANG_WARN_EMPTY_BODY = YES;
				CLANG_WARN_ENUM_CONVERSION = YES;
				CLANG_WARN_INFINITE_RECURSION = YES;
				CLANG_WARN_INT_CONVERSION = YES;
				CLANG_WARN_NON_LITERAL_NULL_CONVERSION = YES;
				CLANG_WARN_OBJC_IMPLICIT_RETAIN_SELF = YES;
				CLANG_WARN_OBJC_LITERAL_CONVERSION = YES;
				CLANG_WARN_OBJC_ROOT_CLASS = YES_ERROR;
				CLANG_WARN_QUOTED_INCLUDE_IN_FRAMEWORK_HEADER = YES;
				CLANG_WARN_RANGE_LOOP_ANALYSIS = YES;
				CLANG_WARN_STRICT_PROTOTYPES = YES;
				CLANG_WARN_SUSPICIOUS_MOVE = YES;
				CLANG_WARN_UNGUARDED_AVAILABILITY = YES_AGGRESSIVE;
				CLANG_WARN_UNREACHABLE_CODE = YES;
				CLANG_WARN__DUPLICATE_METHOD_MATCH = YES;
				COPY_PHASE_STRIP = NO;
				CURRENT_PROJECT_VERSION = 1;
				DEBUG_INFORMATION_FORMAT = "dwarf-with-dsym";
				ENABLE_NS_ASSERTIONS = NO;
				ENABLE_STRICT_OBJC_MSGSEND = YES;
				ENABLE_USER_SCRIPT_SANDBOXING = YES;
				GCC_C_LANGUAGE_STANDARD = gnu17;
				GCC_NO_COMMON_BLOCKS = YES;
				GCC_WARN_64_TO_32_BIT_CONVERSION = YES;
				GCC_WARN_ABOUT_RETURN_TYPE = YES_ERROR;
				GCC_WARN_UNDECLARED_SELECTOR = YES;
				GCC_WARN_UNINITIALIZED_AUTOS = YES_AGGRESSIVE;
				GCC_WARN_UNUSED_FUNCTION = YES;
				GCC_WARN_UNUSED_VARIABLE = YES;
				IPHONEOS_DEPLOYMENT_TARGET = 15.0;
				LOCALIZATION_PREFERS_STRING_CATALOGS = YES;
				MTL_ENABLE_DEBUG_INFO = NO;
				MTL_FAST_MATH = YES;
				SDKROOT = iphoneos;
				SWIFT_COMPILATION_MODE = wholemodule;
				VALIDATE_PRODUCT = YES;
				VERSIONING_SYSTEM = "apple-generic";
				VERSION_INFO_PREFIX = "";
			};
			name = Release;
		};
		C36941072CA374C1001AC719 /* Debug */ = {
			isa = XCBuildConfiguration;
			buildSettings = {
				BUILD_LIBRARY_FOR_DISTRIBUTION = YES;
				CODE_SIGN_STYLE = Automatic;
				CURRENT_PROJECT_VERSION = 1;
				DEFINES_MODULE = YES;
				DEVELOPMENT_TEAM = 94M43PKX7X;
				DYLIB_COMPATIBILITY_VERSION = 1;
				DYLIB_CURRENT_VERSION = 1;
				DYLIB_INSTALL_NAME_BASE = "@rpath";
				ENABLE_MODULE_VERIFIER = YES;
				GENERATE_INFOPLIST_FILE = YES;
				INFOPLIST_KEY_NSHumanReadableCopyright = "";
				INSTALL_PATH = "$(LOCAL_LIBRARY_DIR)/Frameworks";
				IPHONEOS_DEPLOYMENT_TARGET = 15.0;
				LD_RUNPATH_SEARCH_PATHS = (
					"$(inherited)",
					"@executable_path/Frameworks",
					"@loader_path/Frameworks",
				);
				MARKETING_VERSION = 1.0;
				MODULE_VERIFIER_SUPPORTED_LANGUAGES = "objective-c objective-c++";
				MODULE_VERIFIER_SUPPORTED_LANGUAGE_STANDARDS = "gnu17 gnu++20";
				PRODUCT_BUNDLE_IDENTIFIER = com.br.Auth;
				PRODUCT_NAME = "$(TARGET_NAME:c99extidentifier)";
				SKIP_INSTALL = YES;
				SUPPORTED_PLATFORMS = "iphoneos iphonesimulator";
				SUPPORTS_MACCATALYST = NO;
				SUPPORTS_MAC_DESIGNED_FOR_IPHONE_IPAD = NO;
				SUPPORTS_XR_DESIGNED_FOR_IPHONE_IPAD = NO;
				SWIFT_EMIT_LOC_STRINGS = YES;
				SWIFT_INSTALL_OBJC_HEADER = NO;
				SWIFT_VERSION = 5.0;
				TARGETED_DEVICE_FAMILY = "1,2";
			};
			name = Debug;
		};
		C36941082CA374C1001AC719 /* Release */ = {
			isa = XCBuildConfiguration;
			buildSettings = {
				BUILD_LIBRARY_FOR_DISTRIBUTION = YES;
				CODE_SIGN_STYLE = Automatic;
				CURRENT_PROJECT_VERSION = 1;
				DEFINES_MODULE = YES;
				DEVELOPMENT_TEAM = 94M43PKX7X;
				DYLIB_COMPATIBILITY_VERSION = 1;
				DYLIB_CURRENT_VERSION = 1;
				DYLIB_INSTALL_NAME_BASE = "@rpath";
				ENABLE_MODULE_VERIFIER = YES;
				GENERATE_INFOPLIST_FILE = YES;
				INFOPLIST_KEY_NSHumanReadableCopyright = "";
				INSTALL_PATH = "$(LOCAL_LIBRARY_DIR)/Frameworks";
				IPHONEOS_DEPLOYMENT_TARGET = 15.0;
				LD_RUNPATH_SEARCH_PATHS = (
					"$(inherited)",
					"@executable_path/Frameworks",
					"@loader_path/Frameworks",
				);
				MARKETING_VERSION = 1.0;
				MODULE_VERIFIER_SUPPORTED_LANGUAGES = "objective-c objective-c++";
				MODULE_VERIFIER_SUPPORTED_LANGUAGE_STANDARDS = "gnu17 gnu++20";
				PRODUCT_BUNDLE_IDENTIFIER = com.br.Auth;
				PRODUCT_NAME = "$(TARGET_NAME:c99extidentifier)";
				SKIP_INSTALL = YES;
				SUPPORTED_PLATFORMS = "iphoneos iphonesimulator";
				SUPPORTS_MACCATALYST = NO;
				SUPPORTS_MAC_DESIGNED_FOR_IPHONE_IPAD = NO;
				SUPPORTS_XR_DESIGNED_FOR_IPHONE_IPAD = NO;
				SWIFT_EMIT_LOC_STRINGS = YES;
				SWIFT_INSTALL_OBJC_HEADER = NO;
				SWIFT_VERSION = 5.0;
				TARGETED_DEVICE_FAMILY = "1,2";
			};
			name = Release;
		};
		C369410A2CA374C1001AC719 /* Debug */ = {
			isa = XCBuildConfiguration;
			buildSettings = {
				CODE_SIGN_STYLE = Automatic;
				CURRENT_PROJECT_VERSION = 1;
				DEVELOPMENT_TEAM = 99P9P5HJ9J;
				GENERATE_INFOPLIST_FILE = YES;
				MARKETING_VERSION = 1.0;
				PRODUCT_BUNDLE_IDENTIFIER = com.br.AuthTests;
				PRODUCT_NAME = "$(TARGET_NAME)";
				SWIFT_EMIT_LOC_STRINGS = NO;
				SWIFT_VERSION = 5.0;
				TARGETED_DEVICE_FAMILY = "1,2";
			};
			name = Debug;
		};
		C369410B2CA374C1001AC719 /* Release */ = {
			isa = XCBuildConfiguration;
			buildSettings = {
				CODE_SIGN_STYLE = Automatic;
				CURRENT_PROJECT_VERSION = 1;
				DEVELOPMENT_TEAM = 99P9P5HJ9J;
				GENERATE_INFOPLIST_FILE = YES;
				MARKETING_VERSION = 1.0;
				PRODUCT_BUNDLE_IDENTIFIER = com.br.AuthTests;
				PRODUCT_NAME = "$(TARGET_NAME)";
				SWIFT_EMIT_LOC_STRINGS = NO;
				SWIFT_VERSION = 5.0;
				TARGETED_DEVICE_FAMILY = "1,2";
			};
			name = Release;
		};
/* End XCBuildConfiguration section */

/* Begin XCConfigurationList section */
		C36940EC2CA374C1001AC719 /* Build configuration list for PBXProject "Auth" */ = {
			isa = XCConfigurationList;
			buildConfigurations = (
				C36941042CA374C1001AC719 /* Debug */,
				C36941052CA374C1001AC719 /* Release */,
			);
			defaultConfigurationIsVisible = 0;
			defaultConfigurationName = Release;
		};
		C36941062CA374C1001AC719 /* Build configuration list for PBXNativeTarget "Auth" */ = {
			isa = XCConfigurationList;
			buildConfigurations = (
				C36941072CA374C1001AC719 /* Debug */,
				C36941082CA374C1001AC719 /* Release */,
			);
			defaultConfigurationIsVisible = 0;
			defaultConfigurationName = Release;
		};
		C36941092CA374C1001AC719 /* Build configuration list for PBXNativeTarget "AuthTests" */ = {
			isa = XCConfigurationList;
			buildConfigurations = (
				C369410A2CA374C1001AC719 /* Debug */,
				C369410B2CA374C1001AC719 /* Release */,
			);
			defaultConfigurationIsVisible = 0;
			defaultConfigurationName = Release;
		};
/* End XCConfigurationList section */
	};
	rootObject = C36940E92CA374C1001AC719 /* Project object */;
}
